
Microsoft Visual Studio Solution File, Format Version 12.00
# Visual Studio 15
VisualStudioVersion = 15.0.26430.16
MinimumVisualStudioVersion = 10.0.40219.1
Project("{2150E333-8FDC-42A3-9474-1A3956D46DE8}") = "Engine", "Engine", "{5E715FF4-BA65-4FEE-8AC6-6A7CCF7F5654}"
EndProject
Project("{2150E333-8FDC-42A3-9474-1A3956D46DE8}") = "Games", "Games", "{6DAA72B5-E5AF-4DE6-8643-DF63CC3397EA}"
EndProject
Project("{8BC9CEB8-8B4A-11D0-8D11-00A0C91BC942}") = "UE4", "Intermediate\ProjectFiles\UE4.vcxproj", "{80F246C2-5E30-480D-9BB0-3B550E3BEAC7}"
EndProject
Project("{8BC9CEB8-8B4A-11D0-8D11-00A0C91BC942}") = "BuildingEscape", "Intermediate\ProjectFiles\BuildingEscape.vcxproj", "{E6EDAA1F-83D0-4D29-99CD-E3DEBCEDB017}"
EndProject
Global
	GlobalSection(SolutionConfigurationPlatforms) = preSolution
		DebugGame Editor|HTML5 = DebugGame Editor|HTML5
		DebugGame Editor|IOS = DebugGame Editor|IOS
		DebugGame Editor|Win32 = DebugGame Editor|Win32
		DebugGame Editor|Win64 = DebugGame Editor|Win64
		DebugGame|HTML5 = DebugGame|HTML5
		DebugGame|IOS = DebugGame|IOS
		DebugGame|Win32 = DebugGame|Win32
		DebugGame|Win64 = DebugGame|Win64
		Development Editor|HTML5 = Development Editor|HTML5
		Development Editor|IOS = Development Editor|IOS
		Development Editor|Win32 = Development Editor|Win32
		Development Editor|Win64 = Development Editor|Win64
		Development|HTML5 = Development|HTML5
		Development|IOS = Development|IOS
		Development|Win32 = Development|Win32
		Development|Win64 = Development|Win64
		Shipping|HTML5 = Shipping|HTML5
		Shipping|IOS = Shipping|IOS
		Shipping|Win32 = Shipping|Win32
		Shipping|Win64 = Shipping|Win64
	EndGlobalSection
	GlobalSection(ProjectConfigurationPlatforms) = postSolution
		{80F246C2-5E30-480D-9BB0-3B550E3BEAC7}.DebugGame Editor|HTML5.ActiveCfg = BuiltWithUnrealBuildTool|Win32
		{80F246C2-5E30-480D-9BB0-3B550E3BEAC7}.DebugGame Editor|HTML5.Build.0 = BuiltWithUnrealBuildTool|Win32
		{80F246C2-5E30-480D-9BB0-3B550E3BEAC7}.DebugGame Editor|IOS.ActiveCfg = BuiltWithUnrealBuildTool|Win32
		{80F246C2-5E30-480D-9BB0-3B550E3BEAC7}.DebugGame Editor|IOS.Build.0 = BuiltWithUnrealBuildTool|Win32
		{80F246C2-5E30-480D-9BB0-3B550E3BEAC7}.DebugGame Editor|Win32.ActiveCfg = BuiltWithUnrealBuildTool|Win32
		{80F246C2-5E30-480D-9BB0-3B550E3BEAC7}.DebugGame Editor|Win32.Build.0 = BuiltWithUnrealBuildTool|Win32
		{80F246C2-5E30-480D-9BB0-3B550E3BEAC7}.DebugGame Editor|Win64.ActiveCfg = BuiltWithUnrealBuildTool|Win32
		{80F246C2-5E30-480D-9BB0-3B550E3BEAC7}.DebugGame Editor|Win64.Build.0 = BuiltWithUnrealBuildTool|Win32
		{80F246C2-5E30-480D-9BB0-3B550E3BEAC7}.DebugGame|HTML5.ActiveCfg = BuiltWithUnrealBuildTool|Win32
		{80F246C2-5E30-480D-9BB0-3B550E3BEAC7}.DebugGame|HTML5.Build.0 = BuiltWithUnrealBuildTool|Win32
		{80F246C2-5E30-480D-9BB0-3B550E3BEAC7}.DebugGame|IOS.ActiveCfg = BuiltWithUnrealBuildTool|Win32
		{80F246C2-5E30-480D-9BB0-3B550E3BEAC7}.DebugGame|IOS.Build.0 = BuiltWithUnrealBuildTool|Win32
		{80F246C2-5E30-480D-9BB0-3B550E3BEAC7}.DebugGame|Win32.ActiveCfg = BuiltWithUnrealBuildTool|Win32
		{80F246C2-5E30-480D-9BB0-3B550E3BEAC7}.DebugGame|Win32.Build.0 = BuiltWithUnrealBuildTool|Win32
		{80F246C2-5E30-480D-9BB0-3B550E3BEAC7}.DebugGame|Win64.ActiveCfg = BuiltWithUnrealBuildTool|Win32
		{80F246C2-5E30-480D-9BB0-3B550E3BEAC7}.DebugGame|Win64.Build.0 = BuiltWithUnrealBuildTool|Win32
		{80F246C2-5E30-480D-9BB0-3B550E3BEAC7}.Development Editor|HTML5.ActiveCfg = BuiltWithUnrealBuildTool|Win32
		{80F246C2-5E30-480D-9BB0-3B550E3BEAC7}.Development Editor|HTML5.Build.0 = BuiltWithUnrealBuildTool|Win32
		{80F246C2-5E30-480D-9BB0-3B550E3BEAC7}.Development Editor|IOS.ActiveCfg = BuiltWithUnrealBuildTool|Win32
		{80F246C2-5E30-480D-9BB0-3B550E3BEAC7}.Development Editor|IOS.Build.0 = BuiltWithUnrealBuildTool|Win32
		{80F246C2-5E30-480D-9BB0-3B550E3BEAC7}.Development Editor|Win32.ActiveCfg = BuiltWithUnrealBuildTool|Win32
		{80F246C2-5E30-480D-9BB0-3B550E3BEAC7}.Development Editor|Win32.Build.0 = BuiltWithUnrealBuildTool|Win32
		{80F246C2-5E30-480D-9BB0-3B550E3BEAC7}.Development Editor|Win64.ActiveCfg = BuiltWithUnrealBuildTool|Win32
		{80F246C2-5E30-480D-9BB0-3B550E3BEAC7}.Development Editor|Win64.Build.0 = BuiltWithUnrealBuildTool|Win32
		{80F246C2-5E30-480D-9BB0-3B550E3BEAC7}.Development|HTML5.ActiveCfg = BuiltWithUnrealBuildTool|Win32
		{80F246C2-5E30-480D-9BB0-3B550E3BEAC7}.Development|HTML5.Build.0 = BuiltWithUnrealBuildTool|Win32
		{80F246C2-5E30-480D-9BB0-3B550E3BEAC7}.Development|IOS.ActiveCfg = BuiltWithUnrealBuildTool|Win32
		{80F246C2-5E30-480D-9BB0-3B550E3BEAC7}.Development|IOS.Build.0 = BuiltWithUnrealBuildTool|Win32
		{80F246C2-5E30-480D-9BB0-3B550E3BEAC7}.Development|Win32.ActiveCfg = BuiltWithUnrealBuildTool|Win32
		{80F246C2-5E30-480D-9BB0-3B550E3BEAC7}.Development|Win32.Build.0 = BuiltWithUnrealBuildTool|Win32
		{80F246C2-5E30-480D-9BB0-3B550E3BEAC7}.Development|Win64.ActiveCfg = BuiltWithUnrealBuildTool|Win32
		{80F246C2-5E30-480D-9BB0-3B550E3BEAC7}.Development|Win64.Build.0 = BuiltWithUnrealBuildTool|Win32
		{80F246C2-5E30-480D-9BB0-3B550E3BEAC7}.Shipping|HTML5.ActiveCfg = BuiltWithUnrealBuildTool|Win32
		{80F246C2-5E30-480D-9BB0-3B550E3BEAC7}.Shipping|HTML5.Build.0 = BuiltWithUnrealBuildTool|Win32
		{80F246C2-5E30-480D-9BB0-3B550E3BEAC7}.Shipping|IOS.ActiveCfg = BuiltWithUnrealBuildTool|Win32
		{80F246C2-5E30-480D-9BB0-3B550E3BEAC7}.Shipping|IOS.Build.0 = BuiltWithUnrealBuildTool|Win32
		{80F246C2-5E30-480D-9BB0-3B550E3BEAC7}.Shipping|Win32.ActiveCfg = BuiltWithUnrealBuildTool|Win32
		{80F246C2-5E30-480D-9BB0-3B550E3BEAC7}.Shipping|Win32.Build.0 = BuiltWithUnrealBuildTool|Win32
		{80F246C2-5E30-480D-9BB0-3B550E3BEAC7}.Shipping|Win64.ActiveCfg = BuiltWithUnrealBuildTool|Win32
		{80F246C2-5E30-480D-9BB0-3B550E3BEAC7}.Shipping|Win64.Build.0 = BuiltWithUnrealBuildTool|Win32
		{E6EDAA1F-83D0-4D29-99CD-E3DEBCEDB017}.DebugGame Editor|HTML5.ActiveCfg = HTML5_DebugGame_Editor|Win32
		{E6EDAA1F-83D0-4D29-99CD-E3DEBCEDB017}.DebugGame Editor|IOS.ActiveCfg = IOS_DebugGame_Editor|Win32
		{E6EDAA1F-83D0-4D29-99CD-E3DEBCEDB017}.DebugGame Editor|Win32.ActiveCfg = DebugGame_Editor|Win32
		{E6EDAA1F-83D0-4D29-99CD-E3DEBCEDB017}.DebugGame Editor|Win64.ActiveCfg = DebugGame_Editor|x64
		{E6EDAA1F-83D0-4D29-99CD-E3DEBCEDB017}.DebugGame Editor|Win64.Build.0 = DebugGame_Editor|x64
		{E6EDAA1F-83D0-4D29-99CD-E3DEBCEDB017}.DebugGame|HTML5.ActiveCfg = HTML5_DebugGame_Game|Win32
		{E6EDAA1F-83D0-4D29-99CD-E3DEBCEDB017}.DebugGame|HTML5.Build.0 = HTML5_DebugGame_Game|Win32
		{E6EDAA1F-83D0-4D29-99CD-E3DEBCEDB017}.DebugGame|IOS.ActiveCfg = IOS_DebugGame_Game|Win32
		{E6EDAA1F-83D0-4D29-99CD-E3DEBCEDB017}.DebugGame|IOS.Build.0 = IOS_DebugGame_Game|Win32
		{E6EDAA1F-83D0-4D29-99CD-E3DEBCEDB017}.DebugGame|Win32.ActiveCfg = DebugGame_Game|Win32
		{E6EDAA1F-83D0-4D29-99CD-E3DEBCEDB017}.DebugGame|Win32.Build.0 = DebugGame_Game|Win32
		{E6EDAA1F-83D0-4D29-99CD-E3DEBCEDB017}.DebugGame|Win64.ActiveCfg = DebugGame_Game|x64
		{E6EDAA1F-83D0-4D29-99CD-E3DEBCEDB017}.DebugGame|Win64.Build.0 = DebugGame_Game|x64
		{E6EDAA1F-83D0-4D29-99CD-E3DEBCEDB017}.Development Editor|HTML5.ActiveCfg = HTML5_Development_Editor|Win32
		{E6EDAA1F-83D0-4D29-99CD-E3DEBCEDB017}.Development Editor|IOS.ActiveCfg = IOS_Development_Editor|Win32
		{E6EDAA1F-83D0-4D29-99CD-E3DEBCEDB017}.Development Editor|Win32.ActiveCfg = Development_Editor|Win32
		{E6EDAA1F-83D0-4D29-99CD-E3DEBCEDB017}.Development Editor|Win64.ActiveCfg = Development_Editor|x64
		{E6EDAA1F-83D0-4D29-99CD-E3DEBCEDB017}.Development Editor|Win64.Build.0 = Development_Editor|x64
		{E6EDAA1F-83D0-4D29-99CD-E3DEBCEDB017}.Development|HTML5.ActiveCfg = HTML5_Development_Game|Win32
		{E6EDAA1F-83D0-4D29-99CD-E3DEBCEDB017}.Development|HTML5.Build.0 = HTML5_Development_Game|Win32
		{E6EDAA1F-83D0-4D29-99CD-E3DEBCEDB017}.Development|IOS.ActiveCfg = IOS_Development_Game|Win32
		{E6EDAA1F-83D0-4D29-99CD-E3DEBCEDB017}.Development|IOS.Build.0 = IOS_Development_Game|Win32
		{E6EDAA1F-83D0-4D29-99CD-E3DEBCEDB017}.Development|Win32.ActiveCfg = Development_Game|Win32
		{E6EDAA1F-83D0-4D29-99CD-E3DEBCEDB017}.Development|Win32.Build.0 = Development_Game|Win32
		{E6EDAA1F-83D0-4D29-99CD-E3DEBCEDB017}.Development|Win64.ActiveCfg = Development_Game|x64
		{E6EDAA1F-83D0-4D29-99CD-E3DEBCEDB017}.Development|Win64.Build.0 = Development_Game|x64
		{E6EDAA1F-83D0-4D29-99CD-E3DEBCEDB017}.Shipping|HTML5.ActiveCfg = HTML5_Shipping_Game|Win32
		{E6EDAA1F-83D0-4D29-99CD-E3DEBCEDB017}.Shipping|HTML5.Build.0 = HTML5_Shipping_Game|Win32
		{E6EDAA1F-83D0-4D29-99CD-E3DEBCEDB017}.Shipping|IOS.ActiveCfg = IOS_Shipping_Game|Win32
		{E6EDAA1F-83D0-4D29-99CD-E3DEBCEDB017}.Shipping|IOS.Build.0 = IOS_Shipping_Game|Win32
		{E6EDAA1F-83D0-4D29-99CD-E3DEBCEDB017}.Shipping|Win32.ActiveCfg = Shipping_Game|Win32
		{E6EDAA1F-83D0-4D29-99CD-E3DEBCEDB017}.Shipping|Win32.Build.0 = Shipping_Game|Win32
		{E6EDAA1F-83D0-4D29-99CD-E3DEBCEDB017}.Shipping|Win64.ActiveCfg = Shipping_Game|x64
		{E6EDAA1F-83D0-4D29-99CD-E3DEBCEDB017}.Shipping|Win64.Build.0 = Shipping_Game|x64
	EndGlobalSection
	GlobalSection(SolutionProperties) = preSolution
		HideSolutionNode = FALSE
	EndGlobalSection
	GlobalSection(NestedProjects) = preSolution
		{80F246C2-5E30-480D-9BB0-3B550E3BEAC7} = {5E715FF4-BA65-4FEE-8AC6-6A7CCF7F5654}
		{E6EDAA1F-83D0-4D29-99CD-E3DEBCEDB017} = {6DAA72B5-E5AF-4DE6-8643-DF63CC3397EA}
	EndGlobalSection
EndGlobal
